
Microsoft Visual Studio Solution File, Format Version 12.00
# Visual Studio Version 16
VisualStudioVersion = 16.0.30621.155
MinimumVisualStudioVersion = 10.0.40219.1
Project("{9A19103F-16F7-4668-BE54-9A1E7A4F7556}") = "Contracts", "src\Contracts\Contracts.csproj", "{D30ACD42-BE94-4588-A9D2-03B23E23CBD3}"
EndProject
Project("{9A19103F-16F7-4668-BE54-9A1E7A4F7556}") = "Services", "src\Services\Services.csproj", "{FCC06C2C-1369-46C4-8ECE-FB47D5B0D962}"
EndProject
Project("{9A19103F-16F7-4668-BE54-9A1E7A4F7556}") = "Common", "src\Common\Common.csproj", "{1FA1BBFC-29DC-49E6-8D1E-747A8985BD42}"
EndProject
Project("{9A19103F-16F7-4668-BE54-9A1E7A4F7556}") = "Repository", "src\Repository\Repository.csproj", "{80FEB170-1CB7-407C-8DC9-24C893ADF3E7}"
EndProject
Project("{2150E333-8FDC-42A3-9474-1A3956D46DE8}") = "src", "src", "{86AFC9C8-A6D1-46B6-9750-9A794F0F18E1}"
EndProject
Project("{2150E333-8FDC-42A3-9474-1A3956D46DE8}") = "tests", "tests", "{C3146FC2-20E7-424C-A678-C38A99F048DC}"
EndProject
Project("{9A19103F-16F7-4668-BE54-9A1E7A4F7556}") = "EnsekMeterTest", "test\EnsekMeterTest\EnsekMeterTest.csproj", "{F708BB0D-E579-4869-8035-DEF4E83445DE}"
EndProject
Project("{9A19103F-16F7-4668-BE54-9A1E7A4F7556}") = "ServicesTest", "test\ServicesTest\ServicesTest.csproj", "{BA60B235-93AF-4D0A-BC05-46259B3CA64B}"
EndProject
Project("{FAE04EC0-301F-11D3-BF4B-00C04F79EFBC}") = "EnsekMeter.Web", "src\EnsekMeter.Web\EnsekMeter.Web.csproj", "{C3011CB3-6169-47F7-99E9-80B26F16248D}"
EndProject
Project("{9A19103F-16F7-4668-BE54-9A1E7A4F7556}") = "Domain", "src\Domain\Domain.csproj", "{3F99CCEB-254F-4279-9E0D-03B9D05A136F}"
EndProject
Project("{9A19103F-16F7-4668-BE54-9A1E7A4F7556}") = "EnsekMeter", "src\EnsekMeter\EnsekMeter.csproj", "{98B6840A-7418-4C96-8D01-A3A1CC8616DA}"
EndProject
Global
	GlobalSection(SolutionConfigurationPlatforms) = preSolution
		Debug|Any CPU = Debug|Any CPU
		Release|Any CPU = Release|Any CPU
	EndGlobalSection
	GlobalSection(ProjectConfigurationPlatforms) = postSolution
		{D30ACD42-BE94-4588-A9D2-03B23E23CBD3}.Debug|Any CPU.ActiveCfg = Debug|Any CPU
		{D30ACD42-BE94-4588-A9D2-03B23E23CBD3}.Debug|Any CPU.Build.0 = Debug|Any CPU
		{D30ACD42-BE94-4588-A9D2-03B23E23CBD3}.Release|Any CPU.ActiveCfg = Release|Any CPU
		{D30ACD42-BE94-4588-A9D2-03B23E23CBD3}.Release|Any CPU.Build.0 = Release|Any CPU
		{FCC06C2C-1369-46C4-8ECE-FB47D5B0D962}.Debug|Any CPU.ActiveCfg = Debug|Any CPU
		{FCC06C2C-1369-46C4-8ECE-FB47D5B0D962}.Debug|Any CPU.Build.0 = Debug|Any CPU
		{FCC06C2C-1369-46C4-8ECE-FB47D5B0D962}.Release|Any CPU.ActiveCfg = Release|Any CPU
		{FCC06C2C-1369-46C4-8ECE-FB47D5B0D962}.Release|Any CPU.Build.0 = Release|Any CPU
		{1FA1BBFC-29DC-49E6-8D1E-747A8985BD42}.Debug|Any CPU.ActiveCfg = Debug|Any CPU
		{1FA1BBFC-29DC-49E6-8D1E-747A8985BD42}.Debug|Any CPU.Build.0 = Debug|Any CPU
		{1FA1BBFC-29DC-49E6-8D1E-747A8985BD42}.Release|Any CPU.ActiveCfg = Release|Any CPU
		{1FA1BBFC-29DC-49E6-8D1E-747A8985BD42}.Release|Any CPU.Build.0 = Release|Any CPU
		{80FEB170-1CB7-407C-8DC9-24C893ADF3E7}.Debug|Any CPU.ActiveCfg = Debug|Any CPU
		{80FEB170-1CB7-407C-8DC9-24C893ADF3E7}.Debug|Any CPU.Build.0 = Debug|Any CPU
		{80FEB170-1CB7-407C-8DC9-24C893ADF3E7}.Release|Any CPU.ActiveCfg = Release|Any CPU
		{80FEB170-1CB7-407C-8DC9-24C893ADF3E7}.Release|Any CPU.Build.0 = Release|Any CPU
		{F708BB0D-E579-4869-8035-DEF4E83445DE}.Debug|Any CPU.ActiveCfg = Debug|Any CPU
		{F708BB0D-E579-4869-8035-DEF4E83445DE}.Debug|Any CPU.Build.0 = Debug|Any CPU
		{F708BB0D-E579-4869-8035-DEF4E83445DE}.Release|Any CPU.ActiveCfg = Release|Any CPU
		{F708BB0D-E579-4869-8035-DEF4E83445DE}.Release|Any CPU.Build.0 = Release|Any CPU
		{BA60B235-93AF-4D0A-BC05-46259B3CA64B}.Debug|Any CPU.ActiveCfg = Debug|Any CPU
		{BA60B235-93AF-4D0A-BC05-46259B3CA64B}.Debug|Any CPU.Build.0 = Debug|Any CPU
		{BA60B235-93AF-4D0A-BC05-46259B3CA64B}.Release|Any CPU.ActiveCfg = Release|Any CPU
		{BA60B235-93AF-4D0A-BC05-46259B3CA64B}.Release|Any CPU.Build.0 = Release|Any CPU
		{C3011CB3-6169-47F7-99E9-80B26F16248D}.Debug|Any CPU.ActiveCfg = Debug|Any CPU
		{C3011CB3-6169-47F7-99E9-80B26F16248D}.Debug|Any CPU.Build.0 = Debug|Any CPU
		{C3011CB3-6169-47F7-99E9-80B26F16248D}.Release|Any CPU.ActiveCfg = Release|Any CPU
		{C3011CB3-6169-47F7-99E9-80B26F16248D}.Release|Any CPU.Build.0 = Release|Any CPU
		{3F99CCEB-254F-4279-9E0D-03B9D05A136F}.Debug|Any CPU.ActiveCfg = Debug|Any CPU
		{3F99CCEB-254F-4279-9E0D-03B9D05A136F}.Debug|Any CPU.Build.0 = Debug|Any CPU
		{3F99CCEB-254F-4279-9E0D-03B9D05A136F}.Release|Any CPU.ActiveCfg = Release|Any CPU
		{3F99CCEB-254F-4279-9E0D-03B9D05A136F}.Release|Any CPU.Build.0 = Release|Any CPU
		{98B6840A-7418-4C96-8D01-A3A1CC8616DA}.Debug|Any CPU.ActiveCfg = Debug|Any CPU
		{98B6840A-7418-4C96-8D01-A3A1CC8616DA}.Debug|Any CPU.Build.0 = Debug|Any CPU
		{98B6840A-7418-4C96-8D01-A3A1CC8616DA}.Release|Any CPU.ActiveCfg = Release|Any CPU
		{98B6840A-7418-4C96-8D01-A3A1CC8616DA}.Release|Any CPU.Build.0 = Release|Any CPU
	EndGlobalSection
	GlobalSection(SolutionProperties) = preSolution
		HideSolutionNode = FALSE
	EndGlobalSection
	GlobalSection(NestedProjects) = preSolution
		{D30ACD42-BE94-4588-A9D2-03B23E23CBD3} = {86AFC9C8-A6D1-46B6-9750-9A794F0F18E1}
		{FCC06C2C-1369-46C4-8ECE-FB47D5B0D962} = {86AFC9C8-A6D1-46B6-9750-9A794F0F18E1}
		{1FA1BBFC-29DC-49E6-8D1E-747A8985BD42} = {86AFC9C8-A6D1-46B6-9750-9A794F0F18E1}
		{80FEB170-1CB7-407C-8DC9-24C893ADF3E7} = {86AFC9C8-A6D1-46B6-9750-9A794F0F18E1}
		{F708BB0D-E579-4869-8035-DEF4E83445DE} = {C3146FC2-20E7-424C-A678-C38A99F048DC}
		{BA60B235-93AF-4D0A-BC05-46259B3CA64B} = {C3146FC2-20E7-424C-A678-C38A99F048DC}
		{C3011CB3-6169-47F7-99E9-80B26F16248D} = {86AFC9C8-A6D1-46B6-9750-9A794F0F18E1}
		{3F99CCEB-254F-4279-9E0D-03B9D05A136F} = {86AFC9C8-A6D1-46B6-9750-9A794F0F18E1}
		{98B6840A-7418-4C96-8D01-A3A1CC8616DA} = {86AFC9C8-A6D1-46B6-9750-9A794F0F18E1}
	EndGlobalSection
	GlobalSection(ExtensibilityGlobals) = postSolution
		SolutionGuid = {310BE521-6ECB-416F-93A0-378DF8C66B2B}
	EndGlobalSection
EndGlobal
